
Microsoft Visual Studio Solution File, Format Version 12.00
# Visual Studio Version 17
VisualStudioVersion = 17.8.34322.80
MinimumVisualStudioVersion = 10.0.40219.1
Project("{FAE04EC0-301F-11D3-BF4B-00C04F79EFBC}") = "baitap2023", "baitap2023\baitap2023.csproj", "{0D2767F2-0733-4C6F-8337-CE8B94498B83}"
EndProject
Global
	GlobalSection(SolutionConfigurationPlatforms) = preSolution
		Debug|Any CPU = Debug|Any CPU
		Release|Any CPU = Release|Any CPU
	EndGlobalSection
	GlobalSection(ProjectConfigurationPlatforms) = postSolution
		{0D2767F2-0733-4C6F-8337-CE8B94498B83}.Debug|Any CPU.ActiveCfg = Debug|Any CPU
		{0D2767F2-0733-4C6F-8337-CE8B94498B83}.Debug|Any CPU.Build.0 = Debug|Any CPU
		{0D2767F2-0733-4C6F-8337-CE8B94498B83}.Release|Any CPU.ActiveCfg = Release|Any CPU
		{0D2767F2-0733-4C6F-8337-CE8B94498B83}.Release|Any CPU.Build.0 = Release|Any CPU
	EndGlobalSection
	GlobalSection(SolutionProperties) = preSolution
		HideSolutionNode = FALSE
	EndGlobalSection
	GlobalSection(ExtensibilityGlobals) = postSolution
		SolutionGuid = {E357F41B-07D6-42E0-937A-24CD4C00B058}
	EndGlobalSection
EndGlobal
